
Microsoft Visual Studio Solution File, Format Version 12.00
# Visual Studio Version 17
VisualStudioVersion = 17.14.37411.7
MinimumVisualStudioVersion = 10.0.40219.1
Project("{54A90642-561A-4BB1-A94E-469ADEE60C69}") = "shopping_cart.client", "shopping_cart.client\shopping_cart.client.esproj", "{09158F01-41BE-258B-9E28-3B339261CFDC}"
EndProject
Project("{FAE04EC0-301F-11D3-BF4B-00C04F79EFBC}") = "Shopping_cart.Server", "Shopping_cart.Server\Shopping_cart.Server.csproj", "{2630F2D2-6F5C-4E21-8102-70719F48433E}"
EndProject
Global
	GlobalSection(SolutionConfigurationPlatforms) = preSolution
		Debug|Any CPU = Debug|Any CPU
		Release|Any CPU = Release|Any CPU
	EndGlobalSection
	GlobalSection(ProjectConfigurationPlatforms) = postSolution
		{09158F01-41BE-258B-9E28-3B339261CFDC}.Debug|Any CPU.ActiveCfg = Debug|Any CPU
		{09158F01-41BE-258B-9E28-3B339261CFDC}.Debug|Any CPU.Build.0 = Debug|Any CPU
		{09158F01-41BE-258B-9E28-3B339261CFDC}.Debug|Any CPU.Deploy.0 = Debug|Any CPU
		{09158F01-41BE-258B-9E28-3B339261CFDC}.Release|Any CPU.ActiveCfg = Release|Any CPU
		{09158F01-41BE-258B-9E28-3B339261CFDC}.Release|Any CPU.Build.0 = Release|Any CPU
		{09158F01-41BE-258B-9E28-3B339261CFDC}.Release|Any CPU.Deploy.0 = Release|Any CPU
		{2630F2D2-6F5C-4E21-8102-70719F48433E}.Debug|Any CPU.ActiveCfg = Debug|Any CPU
		{2630F2D2-6F5C-4E21-8102-70719F48433E}.Debug|Any CPU.Build.0 = Debug|Any CPU
		{2630F2D2-6F5C-4E21-8102-70719F48433E}.Release|Any CPU.ActiveCfg = Release|Any CPU
		{2630F2D2-6F5C-4E21-8102-70719F48433E}.Release|Any CPU.Build.0 = Release|Any CPU
	EndGlobalSection
	GlobalSection(SolutionProperties) = preSolution
		HideSolutionNode = FALSE
	EndGlobalSection
	GlobalSection(ExtensibilityGlobals) = postSolution
		SolutionGuid = {E7128812-7FE9-47E8-B4A1-C011AA510971}
	EndGlobalSection
EndGlobal
